{
  "name": "svelte-react-player",
  "version": "1.4.1",
  "lockfileVersion": 2,
  "requires": true,
  "packages": {
    "": {
      "name": "svelte-react-player",
      "version": "1.4.1",
      "license": "ISC",
      "dependencies": {
        "svelte": "^3.32.3"
      },
      "devDependencies": {
        "prettier": "^2.2.1",
        "prettier-plugin-svelte": "^2.1.6"
      }
    },
    "node_modules/prettier": {
      "version": "2.2.1",
      "resolved": "https://registry.npmjs.org/prettier/-/prettier-2.2.1.tgz",
      "integrity": "sha512-PqyhM2yCjg/oKkFPtTGUojv7gnZAoG80ttl45O6x2Ug/rMJw4wcc9k6aaf2hibP7BGVCCM33gZoGjyvt9mm16Q==",
      "dev": true,
      "bin": {
        "prettier": "bin-prettier.js"
      },
      "engines": {
        "node": ">=10.13.0"
      }
    },
    "node_modules/prettier-plugin-svelte": {
      "version": "2.1.6",
      "resolved": "https://registry.npmjs.org/prettier-plugin-svelte/-/prettier-plugin-svelte-2.1.6.tgz",
      "integrity": "sha512-eg6MhH394IYsljIcLMgCx/wozObkUFZJ1GkH+Nj8sZQilnNCFTeSBcEohBaNa9hr5RExvlJQJ8a2CEjMMrwL8g==",
      "dev": true,
      "peerDependencies": {
        "prettier": "^1.16.4 || ^2.0.0",
        "svelte": "^3.2.0"
      }
    },
    "node_modules/svelte": {
      "version": "3.32.3",
      "resolved": "https://registry.npmjs.org/svelte/-/svelte-3.32.3.tgz",
      "integrity": "sha512-5etu/wDwtewhnYO/631KKTjSmFrKohFLWNm1sWErVHXqGZ8eJLqrW0qivDSyYTcN8GbUqsR4LkIhftNFsjNehg==",
      "engines": {
        "node": ">= 8"
      }
    }
  },
  "dependencies": {
    "prettier": {
      "version": "2.2.1",
      "resolved": "https://registry.npmjs.org/prettier/-/prettier-2.2.1.tgz",
      "integrity": "sha512-PqyhM2yCjg/oKkFPtTGUojv7gnZAoG80ttl45O6x2Ug/rMJw4wcc9k6aaf2hibP7BGVCCM33gZoGjyvt9mm16Q==",
      "dev": true
    },
    "prettier-plugin-svelte": {
      "version": "2.1.6",
      "resolved": "https://registry.npmjs.org/prettier-plugin-svelte/-/prettier-plugin-svelte-2.1.6.tgz",
      "integrity": "sha512-eg6MhH394IYsljIcLMgCx/wozObkUFZJ1GkH+Nj8sZQilnNCFTeSBcEohBaNa9hr5RExvlJQJ8a2CEjMMrwL8g==",
      "dev": true,
      "requires": {}
    },
    "svelte": {
      "version": "3.32.3",
      "resolved": "https://registry.npmjs.org/svelte/-/svelte-3.32.3.tgz",
      "integrity": "sha512-5etu/wDwtewhnYO/631KKTjSmFrKohFLWNm1sWErVHXqGZ8eJLqrW0qivDSyYTcN8GbUqsR4LkIhftNFsjNehg=="
    }
  }
}
