{
  "name": "svelte-react-player",
  "version": "1.0.0",
  "lockfileVersion": 1,
  "requires": true,
  "dependencies": {
    "svelte": {
      "version": "3.32.3",
      "resolved": "https://registry.npmjs.org/svelte/-/svelte-3.32.3.tgz",
      "integrity": "sha512-5etu/wDwtewhnYO/631KKTjSmFrKohFLWNm1sWErVHXqGZ8eJLqrW0qivDSyYTcN8GbUqsR4LkIhftNFsjNehg=="
    }
  }
}
