{
  "name": "svelte-react-player",
  "version": "1.0.1",
  "lockfileVersion": 1,
  "requires": true,
  "dependencies": {
    "prettier": {
      "version": "2.2.1",
      "resolved": "https://registry.npmjs.org/prettier/-/prettier-2.2.1.tgz",
      "integrity": "sha512-PqyhM2yCjg/oKkFPtTGUojv7gnZAoG80ttl45O6x2Ug/rMJw4wcc9k6aaf2hibP7BGVCCM33gZoGjyvt9mm16Q==",
      "dev": true
    },
    "prettier-plugin-svelte": {
      "version": "2.1.6",
      "resolved": "https://registry.npmjs.org/prettier-plugin-svelte/-/prettier-plugin-svelte-2.1.6.tgz",
      "integrity": "sha512-eg6MhH394IYsljIcLMgCx/wozObkUFZJ1GkH+Nj8sZQilnNCFTeSBcEohBaNa9hr5RExvlJQJ8a2CEjMMrwL8g==",
      "dev": true
    },
    "svelte": {
      "version": "3.32.3",
      "resolved": "https://registry.npmjs.org/svelte/-/svelte-3.32.3.tgz",
      "integrity": "sha512-5etu/wDwtewhnYO/631KKTjSmFrKohFLWNm1sWErVHXqGZ8eJLqrW0qivDSyYTcN8GbUqsR4LkIhftNFsjNehg=="
    }
  }
}
